
Microsoft Visual Studio Solution File, Format Version 12.00
# Visual Studio Version 16
VisualStudioVersion = 16.0.30309.148
MinimumVisualStudioVersion = 10.0.40219.1
Project("{9A19103F-16F7-4668-BE54-9A1E7A4F7556}") = "Pokeball_Game_API", "Pokeball_Game_API\Pokeball_Game_API.csproj", "{A8026353-F3C9-47CC-A3B9-63A4F9D5014E}"
EndProject
Project("{9A19103F-16F7-4668-BE54-9A1E7A4F7556}") = "Pokeball_Database", "Pokeball_Database\Pokeball_Database.csproj", "{BD0CC58B-7693-4B1C-B99B-5AD84C4B5727}"
EndProject
Project("{9A19103F-16F7-4668-BE54-9A1E7A4F7556}") = "Pokeball_Domain", "Pokeball_Domain\Pokeball_Domain.csproj", "{FC83AD31-4727-4E96-80D6-A5E9D2002998}"
EndProject
Project("{FAE04EC0-301F-11D3-BF4B-00C04F79EFBC}") = "Pokeball_Services", "Pokeball_Services\Pokeball_Services.csproj", "{0D52EC18-C5F7-466E-A54C-D81AD5A2534E}"
EndProject
Global
	GlobalSection(SolutionConfigurationPlatforms) = preSolution
		Debug|Any CPU = Debug|Any CPU
		Release|Any CPU = Release|Any CPU
	EndGlobalSection
	GlobalSection(ProjectConfigurationPlatforms) = postSolution
		{A8026353-F3C9-47CC-A3B9-63A4F9D5014E}.Debug|Any CPU.ActiveCfg = Debug|Any CPU
		{A8026353-F3C9-47CC-A3B9-63A4F9D5014E}.Debug|Any CPU.Build.0 = Debug|Any CPU
		{A8026353-F3C9-47CC-A3B9-63A4F9D5014E}.Release|Any CPU.ActiveCfg = Release|Any CPU
		{A8026353-F3C9-47CC-A3B9-63A4F9D5014E}.Release|Any CPU.Build.0 = Release|Any CPU
		{BD0CC58B-7693-4B1C-B99B-5AD84C4B5727}.Debug|Any CPU.ActiveCfg = Debug|Any CPU
		{BD0CC58B-7693-4B1C-B99B-5AD84C4B5727}.Debug|Any CPU.Build.0 = Debug|Any CPU
		{BD0CC58B-7693-4B1C-B99B-5AD84C4B5727}.Release|Any CPU.ActiveCfg = Release|Any CPU
		{BD0CC58B-7693-4B1C-B99B-5AD84C4B5727}.Release|Any CPU.Build.0 = Release|Any CPU
		{FC83AD31-4727-4E96-80D6-A5E9D2002998}.Debug|Any CPU.ActiveCfg = Debug|Any CPU
		{FC83AD31-4727-4E96-80D6-A5E9D2002998}.Debug|Any CPU.Build.0 = Debug|Any CPU
		{FC83AD31-4727-4E96-80D6-A5E9D2002998}.Release|Any CPU.ActiveCfg = Release|Any CPU
		{FC83AD31-4727-4E96-80D6-A5E9D2002998}.Release|Any CPU.Build.0 = Release|Any CPU
		{0D52EC18-C5F7-466E-A54C-D81AD5A2534E}.Debug|Any CPU.ActiveCfg = Debug|Any CPU
		{0D52EC18-C5F7-466E-A54C-D81AD5A2534E}.Debug|Any CPU.Build.0 = Debug|Any CPU
		{0D52EC18-C5F7-466E-A54C-D81AD5A2534E}.Release|Any CPU.ActiveCfg = Release|Any CPU
		{0D52EC18-C5F7-466E-A54C-D81AD5A2534E}.Release|Any CPU.Build.0 = Release|Any CPU
	EndGlobalSection
	GlobalSection(SolutionProperties) = preSolution
		HideSolutionNode = FALSE
	EndGlobalSection
	GlobalSection(ExtensibilityGlobals) = postSolution
		SolutionGuid = {28C7F789-5D83-42C5-8C84-459E13A9ED57}
	EndGlobalSection
EndGlobal
